
Microsoft Visual Studio Solution File, Format Version 12.00
# Visual Studio 2012
Project("{FAE04EC0-301F-11D3-BF4B-00C04F79EFBC}") = "ClientForm", "ClientForm\ClientForm.csproj", "{5C67183B-51FF-45A1-83DC-2AA7BAB794FB}"
EndProject
Project("{FAE04EC0-301F-11D3-BF4B-00C04F79EFBC}") = "IndyTCP", "..\..\..\..\..\NTNUProgram\DllObject\IndyTCP\IndyTCP.csproj", "{6D1938CE-65B1-44BF-852E-3BAE7E732337}"
EndProject
Global
	GlobalSection(SolutionConfigurationPlatforms) = preSolution
		Debug|Any CPU = Debug|Any CPU
		Release|Any CPU = Release|Any CPU
	EndGlobalSection
	GlobalSection(ProjectConfigurationPlatforms) = postSolution
		{5C67183B-51FF-45A1-83DC-2AA7BAB794FB}.Debug|Any CPU.ActiveCfg = Debug|Any CPU
		{5C67183B-51FF-45A1-83DC-2AA7BAB794FB}.Debug|Any CPU.Build.0 = Debug|Any CPU
		{5C67183B-51FF-45A1-83DC-2AA7BAB794FB}.Release|Any CPU.ActiveCfg = Release|Any CPU
		{5C67183B-51FF-45A1-83DC-2AA7BAB794FB}.Release|Any CPU.Build.0 = Release|Any CPU
		{6D1938CE-65B1-44BF-852E-3BAE7E732337}.Debug|Any CPU.ActiveCfg = Debug|Any CPU
		{6D1938CE-65B1-44BF-852E-3BAE7E732337}.Debug|Any CPU.Build.0 = Debug|Any CPU
		{6D1938CE-65B1-44BF-852E-3BAE7E732337}.Release|Any CPU.ActiveCfg = Release|Any CPU
		{6D1938CE-65B1-44BF-852E-3BAE7E732337}.Release|Any CPU.Build.0 = Release|Any CPU
	EndGlobalSection
	GlobalSection(SolutionProperties) = preSolution
		HideSolutionNode = FALSE
	EndGlobalSection
EndGlobal
